
Microsoft Visual Studio Solution File, Format Version 12.00
# Visual Studio 2013
VisualStudioVersion = 12.0.31101.0
MinimumVisualStudioVersion = 10.0.40219.1
Project("{8BC9CEB8-8B4A-11D0-8D11-00A0C91BC942}") = "ChemicalEquationBalancer", "ChemicalEquationBalancer\ChemicalEquationBalancer.vcxproj", "{FA2A3998-70B9-46E0-B5F4-9C1B01E75380}"
EndProject
Global
	GlobalSection(SolutionConfigurationPlatforms) = preSolution
		Debug|Win32 = Debug|Win32
		Release|Win32 = Release|Win32
	EndGlobalSection
	GlobalSection(ProjectConfigurationPlatforms) = postSolution
		{FA2A3998-70B9-46E0-B5F4-9C1B01E75380}.Debug|Win32.ActiveCfg = Debug|Win32
		{FA2A3998-70B9-46E0-B5F4-9C1B01E75380}.Debug|Win32.Build.0 = Debug|Win32
		{FA2A3998-70B9-46E0-B5F4-9C1B01E75380}.Release|Win32.ActiveCfg = Release|Win32
		{FA2A3998-70B9-46E0-B5F4-9C1B01E75380}.Release|Win32.Build.0 = Release|Win32
	EndGlobalSection
	GlobalSection(SolutionProperties) = preSolution
		HideSolutionNode = FALSE
	EndGlobalSection
EndGlobal
